
Microsoft Visual Studio Solution File, Format Version 12.00
# Visual Studio 15
VisualStudioVersion = 15.0.28307.572
MinimumVisualStudioVersion = 10.0.40219.1
Project("{FAE04EC0-301F-11D3-BF4B-00C04F79EFBC}") = "WebAppLibros", "WebAppLibros\WebAppLibros.csproj", "{37D6FE02-3A87-4178-BCCC-97DC12FDCD26}"
EndProject
Global
	GlobalSection(SolutionConfigurationPlatforms) = preSolution
		Debug|Any CPU = Debug|Any CPU
		Release|Any CPU = Release|Any CPU
	EndGlobalSection
	GlobalSection(ProjectConfigurationPlatforms) = postSolution
		{37D6FE02-3A87-4178-BCCC-97DC12FDCD26}.Debug|Any CPU.ActiveCfg = Debug|Any CPU
		{37D6FE02-3A87-4178-BCCC-97DC12FDCD26}.Debug|Any CPU.Build.0 = Debug|Any CPU
		{37D6FE02-3A87-4178-BCCC-97DC12FDCD26}.Release|Any CPU.ActiveCfg = Release|Any CPU
		{37D6FE02-3A87-4178-BCCC-97DC12FDCD26}.Release|Any CPU.Build.0 = Release|Any CPU
	EndGlobalSection
	GlobalSection(SolutionProperties) = preSolution
		HideSolutionNode = FALSE
	EndGlobalSection
	GlobalSection(ExtensibilityGlobals) = postSolution
		SolutionGuid = {555EDCB6-A07E-4AFA-94C7-B246B2221A0D}
	EndGlobalSection
EndGlobal
